
Microsoft Visual Studio Solution File, Format Version 12.00
# Visual Studio Version 17
VisualStudioVersion = 17.1.32407.343
MinimumVisualStudioVersion = 10.0.40219.1
Project("{FAE04EC0-301F-11D3-BF4B-00C04F79EFBC}") = "FinalTrabalho", "FinalTrabalho.csproj", "{B85D6DFF-E4C7-4043-80FC-79098CA3CE32}"
EndProject
Global
	GlobalSection(SolutionConfigurationPlatforms) = preSolution
		Debug|Any CPU = Debug|Any CPU
		Release|Any CPU = Release|Any CPU
	EndGlobalSection
	GlobalSection(ProjectConfigurationPlatforms) = postSolution
		{B85D6DFF-E4C7-4043-80FC-79098CA3CE32}.Debug|Any CPU.ActiveCfg = Debug|Any CPU
		{B85D6DFF-E4C7-4043-80FC-79098CA3CE32}.Debug|Any CPU.Build.0 = Debug|Any CPU
		{B85D6DFF-E4C7-4043-80FC-79098CA3CE32}.Release|Any CPU.ActiveCfg = Release|Any CPU
		{B85D6DFF-E4C7-4043-80FC-79098CA3CE32}.Release|Any CPU.Build.0 = Release|Any CPU
	EndGlobalSection
	GlobalSection(SolutionProperties) = preSolution
		HideSolutionNode = FALSE
	EndGlobalSection
	GlobalSection(ExtensibilityGlobals) = postSolution
		SolutionGuid = {9EA7497F-FF5B-43D4-ACD9-6970F96E44D6}
	EndGlobalSection
EndGlobal
